
Microsoft Visual Studio Solution File, Format Version 12.00
# Visual Studio Version 17
VisualStudioVersion = 17.14.36511.14 d17.14
MinimumVisualStudioVersion = 10.0.40219.1
Project("{FAE04EC0-301F-11D3-BF4B-00C04F79EFBC}") = "WPF_CNC_Simulator", "WPF_CNC_Simulator\WPF_CNC_Simulator.csproj", "{BD38789A-8DCC-4AC3-89B1-7FEFE3FA0155}"
EndProject
Global
	GlobalSection(SolutionConfigurationPlatforms) = preSolution
		Debug|Any CPU = Debug|Any CPU
		Release|Any CPU = Release|Any CPU
	EndGlobalSection
	GlobalSection(ProjectConfigurationPlatforms) = postSolution
		{BD38789A-8DCC-4AC3-89B1-7FEFE3FA0155}.Debug|Any CPU.ActiveCfg = Debug|Any CPU
		{BD38789A-8DCC-4AC3-89B1-7FEFE3FA0155}.Debug|Any CPU.Build.0 = Debug|Any CPU
		{BD38789A-8DCC-4AC3-89B1-7FEFE3FA0155}.Release|Any CPU.ActiveCfg = Release|Any CPU
		{BD38789A-8DCC-4AC3-89B1-7FEFE3FA0155}.Release|Any CPU.Build.0 = Release|Any CPU
	EndGlobalSection
	GlobalSection(SolutionProperties) = preSolution
		HideSolutionNode = FALSE
	EndGlobalSection
	GlobalSection(ExtensibilityGlobals) = postSolution
		SolutionGuid = {4091F60B-9379-4EFD-ABBD-5AC82FB48E57}
	EndGlobalSection
EndGlobal
